
Microsoft Visual Studio Solution File, Format Version 12.00
# Visual Studio Version 17
VisualStudioVersion = 17.8.34525.116
MinimumVisualStudioVersion = 10.0.40219.1
Project("{FAE04EC0-301F-11D3-BF4B-00C04F79EFBC}") = "prjBurgerFactory-MVC", "prjBurgerFactory-MVC\prjBurgerFactory-MVC.csproj", "{F3DBE1F8-3D13-4EEE-853F-0E43DA047A45}"
EndProject
Global
	GlobalSection(SolutionConfigurationPlatforms) = preSolution
		Debug|Any CPU = Debug|Any CPU
		Release|Any CPU = Release|Any CPU
	EndGlobalSection
	GlobalSection(ProjectConfigurationPlatforms) = postSolution
		{F3DBE1F8-3D13-4EEE-853F-0E43DA047A45}.Debug|Any CPU.ActiveCfg = Debug|Any CPU
		{F3DBE1F8-3D13-4EEE-853F-0E43DA047A45}.Debug|Any CPU.Build.0 = Debug|Any CPU
		{F3DBE1F8-3D13-4EEE-853F-0E43DA047A45}.Release|Any CPU.ActiveCfg = Release|Any CPU
		{F3DBE1F8-3D13-4EEE-853F-0E43DA047A45}.Release|Any CPU.Build.0 = Release|Any CPU
	EndGlobalSection
	GlobalSection(SolutionProperties) = preSolution
		HideSolutionNode = FALSE
	EndGlobalSection
	GlobalSection(ExtensibilityGlobals) = postSolution
		SolutionGuid = {5FC4FBF2-F2FA-4852-AF82-86B7E9491704}
	EndGlobalSection
EndGlobal
